
Microsoft Visual Studio Solution File, Format Version 12.00
# Visual Studio Version 16
VisualStudioVersion = 16.0.30413.136
MinimumVisualStudioVersion = 10.0.40219.1
Project("{FAE04EC0-301F-11D3-BF4B-00C04F79EFBC}") = "CIT265 Assignment3", "CIT265 Assignment3\CIT265 Assignment3.csproj", "{409C89B5-C97B-49C4-8A6F-51EF23CFDC0F}"
EndProject
Global
	GlobalSection(SolutionConfigurationPlatforms) = preSolution
		Debug|Any CPU = Debug|Any CPU
		Release|Any CPU = Release|Any CPU
	EndGlobalSection
	GlobalSection(ProjectConfigurationPlatforms) = postSolution
		{409C89B5-C97B-49C4-8A6F-51EF23CFDC0F}.Debug|Any CPU.ActiveCfg = Debug|Any CPU
		{409C89B5-C97B-49C4-8A6F-51EF23CFDC0F}.Debug|Any CPU.Build.0 = Debug|Any CPU
		{409C89B5-C97B-49C4-8A6F-51EF23CFDC0F}.Release|Any CPU.ActiveCfg = Release|Any CPU
		{409C89B5-C97B-49C4-8A6F-51EF23CFDC0F}.Release|Any CPU.Build.0 = Release|Any CPU
	EndGlobalSection
	GlobalSection(SolutionProperties) = preSolution
		HideSolutionNode = FALSE
	EndGlobalSection
	GlobalSection(ExtensibilityGlobals) = postSolution
		SolutionGuid = {8A7D3F20-294A-4767-80DF-D1BDA1DD3979}
	EndGlobalSection
EndGlobal
